
Microsoft Visual Studio Solution File, Format Version 12.00
# Visual Studio Version 16
VisualStudioVersion = 16.0.29418.71
MinimumVisualStudioVersion = 10.0.40219.1
Project("{FAE04EC0-301F-11D3-BF4B-00C04F79EFBC}") = "1v1MeBro.WinForm", "1v1MeBro.WinForm\1v1MeBro.WinForm.csproj", "{261C7940-8BEC-4AC5-B336-2054A61C25B4}"
	ProjectSection(ProjectDependencies) = postProject
		{1F15548C-B225-4EA2-9025-9D872BE381D9} = {1F15548C-B225-4EA2-9025-9D872BE381D9}
	EndProjectSection
EndProject
Project("{9A19103F-16F7-4668-BE54-9A1E7A4F7556}") = "RiotAPIRework", "..\..\..\OneDrive\Desktop\ToolsAssignment\RiotAPIRework\RiotAPIRework\RiotAPIRework.csproj", "{1F15548C-B225-4EA2-9025-9D872BE381D9}"
EndProject
Global
	GlobalSection(SolutionConfigurationPlatforms) = preSolution
		Debug|Any CPU = Debug|Any CPU
		Release|Any CPU = Release|Any CPU
	EndGlobalSection
	GlobalSection(ProjectConfigurationPlatforms) = postSolution
		{261C7940-8BEC-4AC5-B336-2054A61C25B4}.Debug|Any CPU.ActiveCfg = Debug|Any CPU
		{261C7940-8BEC-4AC5-B336-2054A61C25B4}.Debug|Any CPU.Build.0 = Debug|Any CPU
		{261C7940-8BEC-4AC5-B336-2054A61C25B4}.Release|Any CPU.ActiveCfg = Release|Any CPU
		{261C7940-8BEC-4AC5-B336-2054A61C25B4}.Release|Any CPU.Build.0 = Release|Any CPU
		{1F15548C-B225-4EA2-9025-9D872BE381D9}.Debug|Any CPU.ActiveCfg = Debug|Any CPU
		{1F15548C-B225-4EA2-9025-9D872BE381D9}.Debug|Any CPU.Build.0 = Debug|Any CPU
		{1F15548C-B225-4EA2-9025-9D872BE381D9}.Release|Any CPU.ActiveCfg = Release|Any CPU
		{1F15548C-B225-4EA2-9025-9D872BE381D9}.Release|Any CPU.Build.0 = Release|Any CPU
	EndGlobalSection
	GlobalSection(SolutionProperties) = preSolution
		HideSolutionNode = FALSE
	EndGlobalSection
	GlobalSection(ExtensibilityGlobals) = postSolution
		SolutionGuid = {E293B950-BE3A-4396-BF99-FEFC5FC320F8}
	EndGlobalSection
EndGlobal
